
Microsoft Visual Studio Solution File, Format Version 12.00
# Visual Studio 14
VisualStudioVersion = 14.0.23107.0
MinimumVisualStudioVersion = 10.0.40219.1
Project("{FAE04EC0-301F-11D3-BF4B-00C04F79EFBC}") = "Graphs", "Graphs\Graphs.csproj", "{C372B7E3-092F-4B31-BCB3-6F31BFFB40C3}"
EndProject
Project("{FAE04EC0-301F-11D3-BF4B-00C04F79EFBC}") = "nUnitTests", "nUnitTests\nUnitTests.csproj", "{AFF96979-4DA6-49EC-9F8E-8F86969840D5}"
EndProject
Global
	GlobalSection(SolutionConfigurationPlatforms) = preSolution
		Debug|Any CPU = Debug|Any CPU
		Release|Any CPU = Release|Any CPU
	EndGlobalSection
	GlobalSection(ProjectConfigurationPlatforms) = postSolution
		{C372B7E3-092F-4B31-BCB3-6F31BFFB40C3}.Debug|Any CPU.ActiveCfg = Debug|Any CPU
		{C372B7E3-092F-4B31-BCB3-6F31BFFB40C3}.Debug|Any CPU.Build.0 = Debug|Any CPU
		{C372B7E3-092F-4B31-BCB3-6F31BFFB40C3}.Release|Any CPU.ActiveCfg = Release|Any CPU
		{C372B7E3-092F-4B31-BCB3-6F31BFFB40C3}.Release|Any CPU.Build.0 = Release|Any CPU
		{AFF96979-4DA6-49EC-9F8E-8F86969840D5}.Debug|Any CPU.ActiveCfg = Debug|Any CPU
		{AFF96979-4DA6-49EC-9F8E-8F86969840D5}.Debug|Any CPU.Build.0 = Debug|Any CPU
		{AFF96979-4DA6-49EC-9F8E-8F86969840D5}.Release|Any CPU.ActiveCfg = Release|Any CPU
		{AFF96979-4DA6-49EC-9F8E-8F86969840D5}.Release|Any CPU.Build.0 = Release|Any CPU
	EndGlobalSection
	GlobalSection(SolutionProperties) = preSolution
		HideSolutionNode = FALSE
	EndGlobalSection
EndGlobal
