
Microsoft Visual Studio Solution File, Format Version 12.00
# Visual Studio 14
VisualStudioVersion = 14.0.24720.0
MinimumVisualStudioVersion = 10.0.40219.1
Project("{2150E333-8FDC-42A3-9474-1A3956D46DE8}") = "src", "src", "{BFDEA6D8-28A4-4A62-A10C-FC515DBE19AD}"
EndProject
Project("{2150E333-8FDC-42A3-9474-1A3956D46DE8}") = "Solution Items", "Solution Items", "{6AA7D332-0C72-4F7E-9CD3-C79B2F750057}"
	ProjectSection(SolutionItems) = preProject
		global.json = global.json
	EndProjectSection
EndProject
Project("{8BB2217D-0F2D-49D1-97BC-3654ED321F3B}") = "Server_project", "src\Server_project\Server_project.xproj", "{419D21B5-AE38-4083-AE29-F11451BAD8C5}"
EndProject
Global
	GlobalSection(SolutionConfigurationPlatforms) = preSolution
		Debug|Any CPU = Debug|Any CPU
		Release|Any CPU = Release|Any CPU
	EndGlobalSection
	GlobalSection(ProjectConfigurationPlatforms) = postSolution
		{419D21B5-AE38-4083-AE29-F11451BAD8C5}.Debug|Any CPU.ActiveCfg = Debug|Any CPU
		{419D21B5-AE38-4083-AE29-F11451BAD8C5}.Debug|Any CPU.Build.0 = Debug|Any CPU
		{419D21B5-AE38-4083-AE29-F11451BAD8C5}.Release|Any CPU.ActiveCfg = Release|Any CPU
		{419D21B5-AE38-4083-AE29-F11451BAD8C5}.Release|Any CPU.Build.0 = Release|Any CPU
	EndGlobalSection
	GlobalSection(SolutionProperties) = preSolution
		HideSolutionNode = FALSE
	EndGlobalSection
	GlobalSection(NestedProjects) = preSolution
		{419D21B5-AE38-4083-AE29-F11451BAD8C5} = {BFDEA6D8-28A4-4A62-A10C-FC515DBE19AD}
	EndGlobalSection
EndGlobal
