
Microsoft Visual Studio Solution File, Format Version 12.00
# Visual Studio 14
VisualStudioVersion = 14.0.23107.0
MinimumVisualStudioVersion = 10.0.40219.1
Project("{FAE04EC0-301F-11D3-BF4B-00C04F79EFBC}") = "calcTest", "calcTest\calcTest.csproj", "{08EE8FA7-46AB-4E06-BCFA-A127551074F6}"
EndProject
Project("{FAE04EC0-301F-11D3-BF4B-00C04F79EFBC}") = "Tests", "Tests\Tests.csproj", "{7D95D95D-CB8E-4275-A657-630AFABA1CB0}"
EndProject
Global
	GlobalSection(SolutionConfigurationPlatforms) = preSolution
		Debug|Any CPU = Debug|Any CPU
		Release|Any CPU = Release|Any CPU
	EndGlobalSection
	GlobalSection(ProjectConfigurationPlatforms) = postSolution
		{08EE8FA7-46AB-4E06-BCFA-A127551074F6}.Debug|Any CPU.ActiveCfg = Debug|Any CPU
		{08EE8FA7-46AB-4E06-BCFA-A127551074F6}.Debug|Any CPU.Build.0 = Debug|Any CPU
		{08EE8FA7-46AB-4E06-BCFA-A127551074F6}.Release|Any CPU.ActiveCfg = Release|Any CPU
		{08EE8FA7-46AB-4E06-BCFA-A127551074F6}.Release|Any CPU.Build.0 = Release|Any CPU
		{7D95D95D-CB8E-4275-A657-630AFABA1CB0}.Debug|Any CPU.ActiveCfg = Debug|Any CPU
		{7D95D95D-CB8E-4275-A657-630AFABA1CB0}.Debug|Any CPU.Build.0 = Debug|Any CPU
		{7D95D95D-CB8E-4275-A657-630AFABA1CB0}.Release|Any CPU.ActiveCfg = Release|Any CPU
		{7D95D95D-CB8E-4275-A657-630AFABA1CB0}.Release|Any CPU.Build.0 = Release|Any CPU
	EndGlobalSection
	GlobalSection(SolutionProperties) = preSolution
		HideSolutionNode = FALSE
	EndGlobalSection
EndGlobal
