
Microsoft Visual Studio Solution File, Format Version 12.00
# Visual Studio 14
VisualStudioVersion = 14.0.23107.0
MinimumVisualStudioVersion = 10.0.40219.1
Project("{FAE04EC0-301F-11D3-BF4B-00C04F79EFBC}") = "Arrays", "Arrays\Arrays.csproj", "{092F49F2-1CF6-41A8-BBA6-3243868F76AD}"
EndProject
Project("{FAE04EC0-301F-11D3-BF4B-00C04F79EFBC}") = "AList0TestModules", "AListTestModules\AList0TestModules.csproj", "{496CB257-2118-4128-8E35-FC268A03A43E}"
EndProject
Global
	GlobalSection(SolutionConfigurationPlatforms) = preSolution
		Debug|Any CPU = Debug|Any CPU
		Release|Any CPU = Release|Any CPU
	EndGlobalSection
	GlobalSection(ProjectConfigurationPlatforms) = postSolution
		{092F49F2-1CF6-41A8-BBA6-3243868F76AD}.Debug|Any CPU.ActiveCfg = Debug|Any CPU
		{092F49F2-1CF6-41A8-BBA6-3243868F76AD}.Debug|Any CPU.Build.0 = Debug|Any CPU
		{092F49F2-1CF6-41A8-BBA6-3243868F76AD}.Release|Any CPU.ActiveCfg = Release|Any CPU
		{092F49F2-1CF6-41A8-BBA6-3243868F76AD}.Release|Any CPU.Build.0 = Release|Any CPU
		{496CB257-2118-4128-8E35-FC268A03A43E}.Debug|Any CPU.ActiveCfg = Debug|Any CPU
		{496CB257-2118-4128-8E35-FC268A03A43E}.Debug|Any CPU.Build.0 = Debug|Any CPU
		{496CB257-2118-4128-8E35-FC268A03A43E}.Release|Any CPU.ActiveCfg = Release|Any CPU
		{496CB257-2118-4128-8E35-FC268A03A43E}.Release|Any CPU.Build.0 = Release|Any CPU
	EndGlobalSection
	GlobalSection(SolutionProperties) = preSolution
		HideSolutionNode = FALSE
	EndGlobalSection
EndGlobal
